Microsoft Visual Studio Solution File, Format Version 12.00
# Visual Studio Version 17
VisualStudioVersion = 17.5.2.0
MinimumVisualStudioVersion = 10.0.40219.1
Project("{FAE04EC0-301F-11D3-BF4B-00C04F79EFBC}") = "TextBoxConsole_Basic", "TextBoxConsole_Basic.csproj", "{F38982A3-2F10-B032-3277-BD3A71C79843}"
EndProject
Global
	GlobalSection(SolutionConfigurationPlatforms) = preSolution
		Debug|Any CPU = Debug|Any CPU
		Release|Any CPU = Release|Any CPU
	EndGlobalSection
	GlobalSection(ProjectConfigurationPlatforms) = postSolution
		{F38982A3-2F10-B032-3277-BD3A71C79843}.Debug|Any CPU.ActiveCfg = Debug|Any CPU
		{F38982A3-2F10-B032-3277-BD3A71C79843}.Debug|Any CPU.Build.0 = Debug|Any CPU
		{F38982A3-2F10-B032-3277-BD3A71C79843}.Release|Any CPU.ActiveCfg = Release|Any CPU
		{F38982A3-2F10-B032-3277-BD3A71C79843}.Release|Any CPU.Build.0 = Release|Any CPU
	EndGlobalSection
	GlobalSection(SolutionProperties) = preSolution
		HideSolutionNode = FALSE
	EndGlobalSection
	GlobalSection(ExtensibilityGlobals) = postSolution
		SolutionGuid = {BFBEC880-450A-4455-91D0-EFDCEDCCD275}
	EndGlobalSection
EndGlobal
