Microsoft Visual Studio Solution File, Format Version 12.00
# Visual Studio Version 17
VisualStudioVersion = 17.5.2.0
MinimumVisualStudioVersion = 10.0.40219.1
Project("{FAE04EC0-301F-11D3-BF4B-00C04F79EFBC}") = "WikipediaEditTracker", "WikipediaEditTracker.csproj", "{EBFC838A-5CFF-6A7D-CBA0-2E1EA3F4341D}"
EndProject
Global
	GlobalSection(SolutionConfigurationPlatforms) = preSolution
		Debug|Any CPU = Debug|Any CPU
		Release|Any CPU = Release|Any CPU
	EndGlobalSection
	GlobalSection(ProjectConfigurationPlatforms) = postSolution
		{EBFC838A-5CFF-6A7D-CBA0-2E1EA3F4341D}.Debug|Any CPU.ActiveCfg = Debug|Any CPU
		{EBFC838A-5CFF-6A7D-CBA0-2E1EA3F4341D}.Debug|Any CPU.Build.0 = Debug|Any CPU
		{EBFC838A-5CFF-6A7D-CBA0-2E1EA3F4341D}.Release|Any CPU.ActiveCfg = Release|Any CPU
		{EBFC838A-5CFF-6A7D-CBA0-2E1EA3F4341D}.Release|Any CPU.Build.0 = Release|Any CPU
	EndGlobalSection
	GlobalSection(SolutionProperties) = preSolution
		HideSolutionNode = FALSE
	EndGlobalSection
	GlobalSection(ExtensibilityGlobals) = postSolution
		SolutionGuid = {95DD0C88-97B0-4C76-93FB-59C8590AC41B}
	EndGlobalSection
EndGlobal
