Microsoft Visual Studio Solution File, Format Version 12.00
# Visual Studio Version 17
VisualStudioVersion = 17.5.2.0
MinimumVisualStudioVersion = 10.0.40219.1
Project("{FAE04EC0-301F-11D3-BF4B-00C04F79EFBC}") = "TextBoxConsole_MVC", "TextBoxConsole_MVC.csproj", "{90C502DE-FC93-5578-E45D-F369717A1CAC}"
EndProject
Global
	GlobalSection(SolutionConfigurationPlatforms) = preSolution
		Debug|Any CPU = Debug|Any CPU
		Release|Any CPU = Release|Any CPU
	EndGlobalSection
	GlobalSection(ProjectConfigurationPlatforms) = postSolution
		{90C502DE-FC93-5578-E45D-F369717A1CAC}.Debug|Any CPU.ActiveCfg = Debug|Any CPU
		{90C502DE-FC93-5578-E45D-F369717A1CAC}.Debug|Any CPU.Build.0 = Debug|Any CPU
		{90C502DE-FC93-5578-E45D-F369717A1CAC}.Release|Any CPU.ActiveCfg = Release|Any CPU
		{90C502DE-FC93-5578-E45D-F369717A1CAC}.Release|Any CPU.Build.0 = Release|Any CPU
	EndGlobalSection
	GlobalSection(SolutionProperties) = preSolution
		HideSolutionNode = FALSE
	EndGlobalSection
	GlobalSection(ExtensibilityGlobals) = postSolution
		SolutionGuid = {9EEFF495-E780-41FD-B32F-ADC76A936034}
	EndGlobalSection
EndGlobal
