Microsoft Visual Studio Solution File, Format Version 12.00
# Visual Studio Version 17
VisualStudioVersion = 17.5.2.0
MinimumVisualStudioVersion = 10.0.40219.1
Project("{FAE04EC0-301F-11D3-BF4B-00C04F79EFBC}") = "DataTemplateMVVM", "DataTemplateMVVM.csproj", "{4C01B2A9-8F1A-9DAA-00F2-5E0D48B64F01}"
EndProject
Global
	GlobalSection(SolutionConfigurationPlatforms) = preSolution
		Debug|Any CPU = Debug|Any CPU
		Release|Any CPU = Release|Any CPU
	EndGlobalSection
	GlobalSection(ProjectConfigurationPlatforms) = postSolution
		{4C01B2A9-8F1A-9DAA-00F2-5E0D48B64F01}.Debug|Any CPU.ActiveCfg = Debug|Any CPU
		{4C01B2A9-8F1A-9DAA-00F2-5E0D48B64F01}.Debug|Any CPU.Build.0 = Debug|Any CPU
		{4C01B2A9-8F1A-9DAA-00F2-5E0D48B64F01}.Release|Any CPU.ActiveCfg = Release|Any CPU
		{4C01B2A9-8F1A-9DAA-00F2-5E0D48B64F01}.Release|Any CPU.Build.0 = Release|Any CPU
	EndGlobalSection
	GlobalSection(SolutionProperties) = preSolution
		HideSolutionNode = FALSE
	EndGlobalSection
	GlobalSection(ExtensibilityGlobals) = postSolution
		SolutionGuid = {5E1611E4-2650-4C97-9FD6-4A86E77CF9C4}
	EndGlobalSection
EndGlobal
