Microsoft Visual Studio Solution File, Format Version 12.00
# Visual Studio Version 17
VisualStudioVersion = 17.5.2.0
MinimumVisualStudioVersion = 10.0.40219.1
Project("{FAE04EC0-301F-11D3-BF4B-00C04F79EFBC}") = "1", "1.csproj", "{A8775799-DD4D-7967-CCB1-BE3D698A7155}"
EndProject
Global
	GlobalSection(SolutionConfigurationPlatforms) = preSolution
		Debug|Any CPU = Debug|Any CPU
		Release|Any CPU = Release|Any CPU
	EndGlobalSection
	GlobalSection(ProjectConfigurationPlatforms) = postSolution
		{A8775799-DD4D-7967-CCB1-BE3D698A7155}.Debug|Any CPU.ActiveCfg = Debug|Any CPU
		{A8775799-DD4D-7967-CCB1-BE3D698A7155}.Debug|Any CPU.Build.0 = Debug|Any CPU
		{A8775799-DD4D-7967-CCB1-BE3D698A7155}.Release|Any CPU.ActiveCfg = Release|Any CPU
		{A8775799-DD4D-7967-CCB1-BE3D698A7155}.Release|Any CPU.Build.0 = Release|Any CPU
	EndGlobalSection
	GlobalSection(SolutionProperties) = preSolution
		HideSolutionNode = FALSE
	EndGlobalSection
	GlobalSection(ExtensibilityGlobals) = postSolution
		SolutionGuid = {524EB779-57BC-4E19-BFE6-6B22EC8B4E2E}
	EndGlobalSection
EndGlobal
