Microsoft Visual Studio Solution File, Format Version 12.00
# Visual Studio Version 17
VisualStudioVersion = 17.5.2.0
MinimumVisualStudioVersion = 10.0.40219.1
Project("{FAE04EC0-301F-11D3-BF4B-00C04F79EFBC}") = "AvaloniaExercises", "AvaloniaExercises.csproj", "{34DDC72D-E398-4214-392F-673F7B2C7602}"
EndProject
Global
	GlobalSection(SolutionConfigurationPlatforms) = preSolution
		Debug|Any CPU = Debug|Any CPU
		Release|Any CPU = Release|Any CPU
	EndGlobalSection
	GlobalSection(ProjectConfigurationPlatforms) = postSolution
		{34DDC72D-E398-4214-392F-673F7B2C7602}.Debug|Any CPU.ActiveCfg = Debug|Any CPU
		{34DDC72D-E398-4214-392F-673F7B2C7602}.Debug|Any CPU.Build.0 = Debug|Any CPU
		{34DDC72D-E398-4214-392F-673F7B2C7602}.Release|Any CPU.ActiveCfg = Release|Any CPU
		{34DDC72D-E398-4214-392F-673F7B2C7602}.Release|Any CPU.Build.0 = Release|Any CPU
	EndGlobalSection
	GlobalSection(SolutionProperties) = preSolution
		HideSolutionNode = FALSE
	EndGlobalSection
	GlobalSection(ExtensibilityGlobals) = postSolution
		SolutionGuid = {1B7540C3-9465-4688-96CE-45F847B02E1C}
	EndGlobalSection
EndGlobal
