Microsoft Visual Studio Solution File, Format Version 12.00
# Visual Studio Version 17
VisualStudioVersion = 17.5.2.0
MinimumVisualStudioVersion = 10.0.40219.1
Project("{FAE04EC0-301F-11D3-BF4B-00C04F79EFBC}") = "movielens", "movielens.csproj", "{C7C9AE0C-5171-189F-34B7-DE53714CDF2D}"
EndProject
Global
	GlobalSection(SolutionConfigurationPlatforms) = preSolution
		Debug|Any CPU = Debug|Any CPU
		Release|Any CPU = Release|Any CPU
	EndGlobalSection
	GlobalSection(ProjectConfigurationPlatforms) = postSolution
		{C7C9AE0C-5171-189F-34B7-DE53714CDF2D}.Debug|Any CPU.ActiveCfg = Debug|Any CPU
		{C7C9AE0C-5171-189F-34B7-DE53714CDF2D}.Debug|Any CPU.Build.0 = Debug|Any CPU
		{C7C9AE0C-5171-189F-34B7-DE53714CDF2D}.Release|Any CPU.ActiveCfg = Release|Any CPU
		{C7C9AE0C-5171-189F-34B7-DE53714CDF2D}.Release|Any CPU.Build.0 = Release|Any CPU
	EndGlobalSection
	GlobalSection(SolutionProperties) = preSolution
		HideSolutionNode = FALSE
	EndGlobalSection
	GlobalSection(ExtensibilityGlobals) = postSolution
		SolutionGuid = {FBA2D581-F159-4359-B1B1-5261F68406BB}
	EndGlobalSection
EndGlobal
