Microsoft Visual Studio Solution File, Format Version 12.00
# Visual Studio Version 17
VisualStudioVersion = 17.5.2.0
MinimumVisualStudioVersion = 10.0.40219.1
Project("{FAE04EC0-301F-11D3-BF4B-00C04F79EFBC}") = "MultiViewExample", "MultiViewExample.csproj", "{6BD99651-6C1F-9280-7C41-FBD7A0C674C2}"
EndProject
Global
	GlobalSection(SolutionConfigurationPlatforms) = preSolution
		Debug|Any CPU = Debug|Any CPU
		Release|Any CPU = Release|Any CPU
	EndGlobalSection
	GlobalSection(ProjectConfigurationPlatforms) = postSolution
		{6BD99651-6C1F-9280-7C41-FBD7A0C674C2}.Debug|Any CPU.ActiveCfg = Debug|Any CPU
		{6BD99651-6C1F-9280-7C41-FBD7A0C674C2}.Debug|Any CPU.Build.0 = Debug|Any CPU
		{6BD99651-6C1F-9280-7C41-FBD7A0C674C2}.Release|Any CPU.ActiveCfg = Release|Any CPU
		{6BD99651-6C1F-9280-7C41-FBD7A0C674C2}.Release|Any CPU.Build.0 = Release|Any CPU
	EndGlobalSection
	GlobalSection(SolutionProperties) = preSolution
		HideSolutionNode = FALSE
	EndGlobalSection
	GlobalSection(ExtensibilityGlobals) = postSolution
		SolutionGuid = {C7965170-E439-4A67-84C0-0860FF383A3F}
	EndGlobalSection
EndGlobal
