Microsoft Visual Studio Solution File, Format Version 12.00
# Visual Studio Version 17
VisualStudioVersion = 17.5.2.0
MinimumVisualStudioVersion = 10.0.40219.1
Project("{FAE04EC0-301F-11D3-BF4B-00C04F79EFBC}") = "LiveChartTest", "LiveChartTest.csproj", "{F5BB5266-7D0A-3CD5-9CAD-BA36A5B24C84}"
EndProject
Global
	GlobalSection(SolutionConfigurationPlatforms) = preSolution
		Debug|Any CPU = Debug|Any CPU
		Release|Any CPU = Release|Any CPU
	EndGlobalSection
	GlobalSection(ProjectConfigurationPlatforms) = postSolution
		{F5BB5266-7D0A-3CD5-9CAD-BA36A5B24C84}.Debug|Any CPU.ActiveCfg = Debug|Any CPU
		{F5BB5266-7D0A-3CD5-9CAD-BA36A5B24C84}.Debug|Any CPU.Build.0 = Debug|Any CPU
		{F5BB5266-7D0A-3CD5-9CAD-BA36A5B24C84}.Release|Any CPU.ActiveCfg = Release|Any CPU
		{F5BB5266-7D0A-3CD5-9CAD-BA36A5B24C84}.Release|Any CPU.Build.0 = Release|Any CPU
	EndGlobalSection
	GlobalSection(SolutionProperties) = preSolution
		HideSolutionNode = FALSE
	EndGlobalSection
	GlobalSection(ExtensibilityGlobals) = postSolution
		SolutionGuid = {F7E95F9F-A269-440D-94FA-8FED3EF34EE6}
	EndGlobalSection
EndGlobal
